Microsoft Visual Studio Solution File, Format Version 12.00
# Visual Studio Version 16
VisualStudioVersion = 16.0.30803.129
MinimumVisualStudioVersion = 10.0.40219.1
Project("{9A19103F-16F7-4668-BE54-9A1E7A4F7556}") = "Hjson", "Hjson\Hjson.csproj", "{FF9E2637-8BD3-4F8D-B563-D105B10D5354}"
EndProject
Project("{2150E333-8FDC-42A3-9474-1A3956D46DE8}") = "Solution Items", "Solution Items", "{27FF7791-BD7E-4E15-A1E2-070861580FF7}"
	ProjectSection(SolutionItems) = preProject
		.editorconfig = .editorconfig
	EndProjectSection
EndProject
Global
	GlobalSection(SolutionConfigurationPlatforms) = preSolution
		Debug|Any CPU = Debug|Any CPU
		Release|Any CPU = Release|Any CPU
	EndGlobalSection
	GlobalSection(ProjectConfigurationPlatforms) = postSolution
		{FF9E2637-8BD3-4F8D-B563-D105B10D5354}.Debug|Any CPU.ActiveCfg = Debug|Any CPU
		{FF9E2637-8BD3-4F8D-B563-D105B10D5354}.Debug|Any CPU.Build.0 = Debug|Any CPU
		{FF9E2637-8BD3-4F8D-B563-D105B10D5354}.Release|Any CPU.ActiveCfg = Release|Any CPU
		{FF9E2637-8BD3-4F8D-B563-D105B10D5354}.Release|Any CPU.Build.0 = Release|Any CPU
	EndGlobalSection
	GlobalSection(SolutionProperties) = preSolution
		HideSolutionNode = FALSE
	EndGlobalSection
	GlobalSection(ExtensibilityGlobals) = postSolution
		SolutionGuid = {61ECE2CD-9565-4B04-959E-086A5D47C249}
	EndGlobalSection
EndGlobal
